
Microsoft Visual Studio Solution File, Format Version 12.00
# Visual Studio 15
Project("{FAE04EC0-301F-11D3-BF4B-00C04F79EFBC}") = "Assembly-CSharp", "Assembly-CSharp.csproj", "{59B9168E-112A-AE6D-CE09-CA4D3176865F}"
EndProject
Project("{FAE04EC0-301F-11D3-BF4B-00C04F79EFBC}") = "Assembly-CSharp-firstpass", "Assembly-CSharp-firstpass.csproj", "{5A7A4058-A711-8A83-025E-6FBDC98A2605}"
EndProject
Project("{FAE04EC0-301F-11D3-BF4B-00C04F79EFBC}") = "NavMeshComponents", "NavMeshComponents.csproj", "{30840276-2528-2741-996E-6BEBC0160558}"
EndProject
Project("{FAE04EC0-301F-11D3-BF4B-00C04F79EFBC}") = "Assembly-CSharp-Editor-firstpass", "Assembly-CSharp-Editor-firstpass.csproj", "{7BA50F99-BDEE-9F42-D2ED-7C209B60A2F1}"
EndProject
Project("{FAE04EC0-301F-11D3-BF4B-00C04F79EFBC}") = "NavMeshComponentsEditor", "NavMeshComponentsEditor.csproj", "{C5D4F2F3-6D6B-ABF4-8B51-8F5D3F79D27C}"
EndProject
Global
	GlobalSection(SolutionConfigurationPlatforms) = preSolution
		Debug|Any CPU = Debug|Any CPU
		Release|Any CPU = Release|Any CPU
	EndGlobalSection
	GlobalSection(ProjectConfigurationPlatforms) = postSolution
		{59B9168E-112A-AE6D-CE09-CA4D3176865F}.Debug|Any CPU.ActiveCfg = Debug|Any CPU
		{59B9168E-112A-AE6D-CE09-CA4D3176865F}.Debug|Any CPU.Build.0 = Debug|Any CPU
		{59B9168E-112A-AE6D-CE09-CA4D3176865F}.Release|Any CPU.ActiveCfg = Release|Any CPU
		{59B9168E-112A-AE6D-CE09-CA4D3176865F}.Release|Any CPU.Build.0 = Release|Any CPU
		{5A7A4058-A711-8A83-025E-6FBDC98A2605}.Debug|Any CPU.ActiveCfg = Debug|Any CPU
		{5A7A4058-A711-8A83-025E-6FBDC98A2605}.Debug|Any CPU.Build.0 = Debug|Any CPU
		{5A7A4058-A711-8A83-025E-6FBDC98A2605}.Release|Any CPU.ActiveCfg = Release|Any CPU
		{5A7A4058-A711-8A83-025E-6FBDC98A2605}.Release|Any CPU.Build.0 = Release|Any CPU
		{30840276-2528-2741-996E-6BEBC0160558}.Debug|Any CPU.ActiveCfg = Debug|Any CPU
		{30840276-2528-2741-996E-6BEBC0160558}.Debug|Any CPU.Build.0 = Debug|Any CPU
		{30840276-2528-2741-996E-6BEBC0160558}.Release|Any CPU.ActiveCfg = Release|Any CPU
		{30840276-2528-2741-996E-6BEBC0160558}.Release|Any CPU.Build.0 = Release|Any CPU
		{7BA50F99-BDEE-9F42-D2ED-7C209B60A2F1}.Debug|Any CPU.ActiveCfg = Debug|Any CPU
		{7BA50F99-BDEE-9F42-D2ED-7C209B60A2F1}.Debug|Any CPU.Build.0 = Debug|Any CPU
		{7BA50F99-BDEE-9F42-D2ED-7C209B60A2F1}.Release|Any CPU.ActiveCfg = Release|Any CPU
		{7BA50F99-BDEE-9F42-D2ED-7C209B60A2F1}.Release|Any CPU.Build.0 = Release|Any CPU
		{C5D4F2F3-6D6B-ABF4-8B51-8F5D3F79D27C}.Debug|Any CPU.ActiveCfg = Debug|Any CPU
		{C5D4F2F3-6D6B-ABF4-8B51-8F5D3F79D27C}.Debug|Any CPU.Build.0 = Debug|Any CPU
		{C5D4F2F3-6D6B-ABF4-8B51-8F5D3F79D27C}.Release|Any CPU.ActiveCfg = Release|Any CPU
		{C5D4F2F3-6D6B-ABF4-8B51-8F5D3F79D27C}.Release|Any CPU.Build.0 = Release|Any CPU
	EndGlobalSection
	GlobalSection(SolutionProperties) = preSolution
		HideSolutionNode = FALSE
	EndGlobalSection
EndGlobal
